{
  "version": 4,
  "terraform_version": "1.6.3",
  "serial": 12,
  "lineage": "e314143d-f197-a36a-bda6-3a1f23cf75b4",
  "outputs": {},
  "resources": [
    {
      "mode": "data",
      "type": "google_dns_managed_zone",
      "name": "dns_zone",
      "provider": "provider[\"registry.terraform.io/hashicorp/google\"]",
      "instances": [
        {
          "schema_version": 0,
          "attributes": {
            "description": "",
            "dns_name": "test.raj.cloud.",
            "id": "projects/prj-data-d-poc-5-7joi/managedZones/terraform-gcp",
            "managed_zone_id": 8815208331585777275,
            "name": "terraform-gcp",
            "name_servers": [
              "ns-cloud-e1.googledomains.com.",
              "ns-cloud-e2.googledomains.com.",
              "ns-cloud-e3.googledomains.com.",
              "ns-cloud-e4.googledomains.com."
            ],
            "project": "prj-data-d-poc-5-7joi",
            "visibility": "public"
          },
          "sensitive_attributes": []
        }
      ]
    },
    {
      "mode": "managed",
      "type": "google_compute_backend_bucket",
      "name": "website-backend",
      "provider": "provider[\"registry.terraform.io/hashicorp/google\"]",
      "instances": [
        {
          "schema_version": 0,
          "attributes": {
            "bucket_name": "demo-website-raj",
            "cdn_policy": [
              {
                "bypass_cache_on_request_headers": [],
                "cache_key_policy": [],
                "cache_mode": "CACHE_ALL_STATIC",
                "client_ttl": 3600,
                "default_ttl": 3600,
                "max_ttl": 86400,
                "negative_caching": true,
                "negative_caching_policy": [],
                "request_coalescing": true,
                "serve_while_stale": 86400,
                "signed_url_cache_max_age_sec": 0
              }
            ],
            "compression_mode": "",
            "creation_timestamp": "2023-11-13T05:06:16.352-08:00",
            "custom_response_headers": null,
            "description": "contains files needed for the website",
            "edge_security_policy": "",
            "enable_cdn": true,
            "id": "projects/prj-data-d-poc-5-7joi/global/backendBuckets/website-bucket",
            "name": "website-bucket",
            "project": "prj-data-d-poc-5-7joi",
            "self_link": "https://www.googleapis.com/compute/v1/projects/prj-data-d-poc-5-7joi/global/backendBuckets/website-bucket",
            "timeouts": null
          },
          "sensitive_attributes": [],
          "private": "eyJlMmJmYjczMC1lY2FhLTExZTYtOGY4OC0zNDM2M2JjN2M0YzAiOnsiY3JlYXRlIjoxMjAwMDAwMDAwMDAwLCJkZWxldGUiOjEyMDAwMDAwMDAwMDAsInVwZGF0ZSI6MTIwMDAwMDAwMDAwMH19",
          "dependencies": [
            "google_storage_bucket.website"
          ]
        }
      ]
    },
    {
      "mode": "managed",
      "type": "google_compute_global_address",
      "name": "website_ip",
      "provider": "provider[\"registry.terraform.io/hashicorp/google\"]",
      "instances": [
        {
          "schema_version": 0,
          "attributes": {
            "address": "34.120.138.191",
            "address_type": "EXTERNAL",
            "creation_timestamp": "2023-11-13T05:06:16.425-08:00",
            "description": "",
            "id": "projects/prj-data-d-poc-5-7joi/global/addresses/website-lb-ip",
            "ip_version": "",
            "name": "website-lb-ip",
            "network": "",
            "prefix_length": 0,
            "project": "prj-data-d-poc-5-7joi",
            "purpose": "",
            "self_link": "https://www.googleapis.com/compute/v1/projects/prj-data-d-poc-5-7joi/global/addresses/website-lb-ip",
            "timeouts": null
          },
          "sensitive_attributes": [],
          "private": "eyJlMmJmYjczMC1lY2FhLTExZTYtOGY4OC0zNDM2M2JjN2M0YzAiOnsiY3JlYXRlIjoxMjAwMDAwMDAwMDAwLCJkZWxldGUiOjEyMDAwMDAwMDAwMDB9fQ=="
        }
      ]
    },
    {
      "mode": "managed",
      "type": "google_compute_global_forwarding_rule",
      "name": "default",
      "provider": "provider[\"registry.terraform.io/hashicorp/google\"]",
      "instances": [
        {
          "schema_version": 0,
          "attributes": {
            "base_forwarding_rule": "",
            "description": "",
            "effective_labels": {},
            "id": "projects/prj-data-d-poc-5-7joi/global/forwardingRules/website-forwarding-rule",
            "ip_address": "34.120.138.191",
            "ip_protocol": "TCP",
            "ip_version": "",
            "label_fingerprint": "42WmSpB8rSM=",
            "labels": null,
            "load_balancing_scheme": "EXTERNAL",
            "metadata_filters": [],
            "name": "website-forwarding-rule",
            "network": "",
            "no_automate_dns_zone": null,
            "port_range": "80-80",
            "project": "prj-data-d-poc-5-7joi",
            "psc_connection_id": "",
            "psc_connection_status": "",
            "self_link": "https://www.googleapis.com/compute/v1/projects/prj-data-d-poc-5-7joi/global/forwardingRules/website-forwarding-rule",
            "source_ip_ranges": null,
            "subnetwork": "",
            "target": "https://www.googleapis.com/compute/v1/projects/prj-data-d-poc-5-7joi/global/targetHttpProxies/website-target-proxy",
            "terraform_labels": {},
            "timeouts": null
          },
          "sensitive_attributes": [],
          "private": "eyJlMmJmYjczMC1lY2FhLTExZTYtOGY4OC0zNDM2M2JjN2M0YzAiOnsiY3JlYXRlIjoxMjAwMDAwMDAwMDAwLCJkZWxldGUiOjEyMDAwMDAwMDAwMDAsInVwZGF0ZSI6MTIwMDAwMDAwMDAwMH19",
          "dependencies": [
            "google_compute_backend_bucket.website-backend",
            "google_compute_global_address.website_ip",
            "google_compute_target_http_proxy.website",
            "google_compute_url_map.website",
            "google_storage_bucket.website"
          ]
        }
      ]
    },
    {
      "mode": "managed",
      "type": "google_compute_target_http_proxy",
      "name": "website",
      "provider": "provider[\"registry.terraform.io/hashicorp/google\"]",
      "instances": [
        {
          "schema_version": 0,
          "attributes": {
            "creation_timestamp": "2023-11-13T05:06:39.957-08:00",
            "description": "",
            "http_keep_alive_timeout_sec": 0,
            "id": "projects/prj-data-d-poc-5-7joi/global/targetHttpProxies/website-target-proxy",
            "name": "website-target-proxy",
            "project": "prj-data-d-poc-5-7joi",
            "proxy_bind": false,
            "proxy_id": 2342315707141693872,
            "self_link": "https://www.googleapis.com/compute/v1/projects/prj-data-d-poc-5-7joi/global/targetHttpProxies/website-target-proxy",
            "timeouts": null,
            "url_map": "https://www.googleapis.com/compute/v1/projects/prj-data-d-poc-5-7joi/global/urlMaps/website-url-map"
          },
          "sensitive_attributes": [],
          "private": "eyJlMmJmYjczMC1lY2FhLTExZTYtOGY4OC0zNDM2M2JjN2M0YzAiOnsiY3JlYXRlIjoxMjAwMDAwMDAwMDAwLCJkZWxldGUiOjEyMDAwMDAwMDAwMDAsInVwZGF0ZSI6MTIwMDAwMDAwMDAwMH19",
          "dependencies": [
            "google_compute_backend_bucket.website-backend",
            "google_compute_url_map.website",
            "google_storage_bucket.website"
          ]
        }
      ]
    },
    {
      "mode": "managed",
      "type": "google_compute_url_map",
      "name": "website",
      "provider": "provider[\"registry.terraform.io/hashicorp/google\"]",
      "instances": [
        {
          "schema_version": 0,
          "attributes": {
            "creation_timestamp": "2023-11-13T05:06:28.104-08:00",
            "default_route_action": [],
            "default_service": "https://www.googleapis.com/compute/v1/projects/prj-data-d-poc-5-7joi/global/backendBuckets/website-bucket",
            "default_url_redirect": [],
            "description": "",
            "fingerprint": "wIrHtiSs6i0=",
            "header_action": [],
            "host_rule": [
              {
                "description": "",
                "hosts": [
                  "*"
                ],
                "path_matcher": "allpaths"
              }
            ],
            "id": "projects/prj-data-d-poc-5-7joi/global/urlMaps/website-url-map",
            "map_id": 4731702839649214907,
            "name": "website-url-map",
            "path_matcher": [
              {
                "default_route_action": [],
                "default_service": "https://www.googleapis.com/compute/v1/projects/prj-data-d-poc-5-7joi/global/backendBuckets/website-bucket",
                "default_url_redirect": [],
                "description": "",
                "header_action": [],
                "name": "allpaths",
                "path_rule": [],
                "route_rules": []
              }
            ],
            "project": "prj-data-d-poc-5-7joi",
            "self_link": "https://www.googleapis.com/compute/v1/projects/prj-data-d-poc-5-7joi/global/urlMaps/website-url-map",
            "test": [],
            "timeouts": null
          },
          "sensitive_attributes": [],
          "private": "eyJlMmJmYjczMC1lY2FhLTExZTYtOGY4OC0zNDM2M2JjN2M0YzAiOnsiY3JlYXRlIjoxMjAwMDAwMDAwMDAwLCJkZWxldGUiOjEyMDAwMDAwMDAwMDAsInVwZGF0ZSI6MTIwMDAwMDAwMDAwMH19",
          "dependencies": [
            "google_compute_backend_bucket.website-backend",
            "google_storage_bucket.website"
          ]
        }
      ]
    },
    {
      "mode": "managed",
      "type": "google_dns_record_set",
      "name": "website",
      "provider": "provider[\"registry.terraform.io/hashicorp/google\"]",
      "instances": [
        {
          "schema_version": 0,
          "attributes": {
            "id": "projects/prj-data-d-poc-5-7joi/managedZones/terraform-gcp/rrsets/website.test.raj.cloud./A",
            "managed_zone": "terraform-gcp",
            "name": "website.test.raj.cloud.",
            "project": "prj-data-d-poc-5-7joi",
            "routing_policy": [],
            "rrdatas": [
              "34.120.138.191"
            ],
            "ttl": 300,
            "type": "A"
          },
          "sensitive_attributes": [],
          "private": "bnVsbA==",
          "dependencies": [
            "data.google_dns_managed_zone.dns_zone",
            "google_compute_global_address.website_ip"
          ]
        }
      ]
    },
    {
      "mode": "managed",
      "type": "google_storage_bucket",
      "name": "website",
      "provider": "provider[\"registry.terraform.io/hashicorp/google\"]",
      "instances": [
        {
          "schema_version": 1,
          "attributes": {
            "autoclass": [],
            "cors": [],
            "custom_placement_config": [],
            "default_event_based_hold": false,
            "effective_labels": {},
            "enable_object_retention": false,
            "encryption": [],
            "force_destroy": false,
            "id": "demo-website-raj",
            "labels": {},
            "lifecycle_rule": [],
            "location": "EU",
            "logging": [],
            "name": "demo-website-raj",
            "project": "prj-data-d-poc-5-7joi",
            "public_access_prevention": "inherited",
            "requester_pays": false,
            "retention_policy": [],
            "self_link": "https://www.googleapis.com/storage/v1/b/demo-website-raj",
            "storage_class": "STANDARD",
            "terraform_labels": {},
            "timeouts": null,
            "uniform_bucket_level_access": false,
            "url": "gs://demo-website-raj",
            "versioning": [],
            "website": []
          },
          "sensitive_attributes": [],
          "private": "eyJlMmJmYjczMC1lY2FhLTExZTYtOGY4OC0zNDM2M2JjN2M0YzAiOnsiY3JlYXRlIjo2MDAwMDAwMDAwMDAsInJlYWQiOjI0MDAwMDAwMDAwMCwidXBkYXRlIjoyNDAwMDAwMDAwMDB9LCJzY2hlbWFfdmVyc2lvbiI6IjEifQ=="
        }
      ]
    },
    {
      "mode": "managed",
      "type": "google_storage_bucket_object",
      "name": "static_site_src",
      "provider": "provider[\"registry.terraform.io/hashicorp/google\"]",
      "instances": [
        {
          "schema_version": 0,
          "attributes": {
            "bucket": "demo-website-raj",
            "cache_control": "",
            "content": null,
            "content_disposition": "",
            "content_encoding": "",
            "content_language": "",
            "content_type": "text/html; charset=utf-8",
            "crc32c": "VN1Gpg==",
            "customer_encryption": [],
            "detect_md5hash": "AEQG3YP/+3Lwqvmjv/+Xfw==",
            "event_based_hold": false,
            "id": "demo-website-raj-index.html",
            "kms_key_name": "",
            "md5hash": "AEQG3YP/+3Lwqvmjv/+Xfw==",
            "media_link": "https://storage.googleapis.com/download/storage/v1/b/demo-website-raj/o/index.html?generation=1699877381053705\u0026alt=media",
            "metadata": {},
            "name": "index.html",
            "output_name": "index.html",
            "retention": [],
            "self_link": "https://www.googleapis.com/storage/v1/b/demo-website-raj/o/index.html",
            "source": "../website/index.html",
            "storage_class": "STANDARD",
            "temporary_hold": false,
            "timeouts": null
          },
          "sensitive_attributes": [],
          "private": "eyJlMmJmYjczMC1lY2FhLTExZTYtOGY4OC0zNDM2M2JjN2M0YzAiOnsiY3JlYXRlIjoyNDAwMDAwMDAwMDAsImRlbGV0ZSI6MjQwMDAwMDAwMDAwLCJ1cGRhdGUiOjI0MDAwMDAwMDAwMH19",
          "dependencies": [
            "google_storage_bucket.website"
          ]
        }
      ]
    },
    {
      "mode": "managed",
      "type": "google_storage_object_access_control",
      "name": "public_rule",
      "provider": "provider[\"registry.terraform.io/hashicorp/google\"]",
      "instances": [
        {
          "schema_version": 0,
          "attributes": {
            "bucket": "demo-website-raj",
            "domain": "",
            "email": "",
            "entity": "allUsers",
            "entity_id": "",
            "generation": 1699877381053705,
            "id": "demo-website-raj/index.html/allusers",
            "object": "index.html",
            "project_team": [],
            "role": "READER",
            "timeouts": null
          },
          "sensitive_attributes": [],
          "private": "eyJlMmJmYjczMC1lY2FhLTExZTYtOGY4OC0zNDM2M2JjN2M0YzAiOnsiY3JlYXRlIjoxMjAwMDAwMDAwMDAwLCJkZWxldGUiOjEyMDAwMDAwMDAwMDAsInVwZGF0ZSI6MTIwMDAwMDAwMDAwMH19",
          "dependencies": [
            "google_storage_bucket.website",
            "google_storage_bucket_object.static_site_src"
          ]
        }
      ]
    }
  ],
  "check_results": null
}
